
Microsoft Visual Studio Solution File, Format Version 12.00
# Visual Studio 15
VisualStudioVersion = 15.0.26730.16
MinimumVisualStudioVersion = 10.0.40219.1
Project("{FAE04EC0-301F-11D3-BF4B-00C04F79EFBC}") = "REST_WCF_TEMPLATE", "REST_WCF_TEMPLATE\REST_WCF_TEMPLATE.csproj", "{224DE437-F665-432A-85F1-E3E89EB86A5D}"
EndProject
Global
	GlobalSection(SolutionConfigurationPlatforms) = preSolution
		Debug|Any CPU = Debug|Any CPU
		Release|Any CPU = Release|Any CPU
	EndGlobalSection
	GlobalSection(ProjectConfigurationPlatforms) = postSolution
		{224DE437-F665-432A-85F1-E3E89EB86A5D}.Debug|Any CPU.ActiveCfg = Debug|Any CPU
		{224DE437-F665-432A-85F1-E3E89EB86A5D}.Debug|Any CPU.Build.0 = Debug|Any CPU
		{224DE437-F665-432A-85F1-E3E89EB86A5D}.Release|Any CPU.ActiveCfg = Release|Any CPU
		{224DE437-F665-432A-85F1-E3E89EB86A5D}.Release|Any CPU.Build.0 = Release|Any CPU
	EndGlobalSection
	GlobalSection(SolutionProperties) = preSolution
		HideSolutionNode = FALSE
	EndGlobalSection
	GlobalSection(ExtensibilityGlobals) = postSolution
		SolutionGuid = {6DAD5FB4-7EF1-48B8-9A87-6F9FBA4CF226}
	EndGlobalSection
EndGlobal
